// !$*UTF8*$!
{
	archiveVersion = 1;
	classes = {
	};
	objectVersion = 46;
	objects = {

/* Begin PBXBuildFile section */
		2FE1DD571AD577D2005D48B9 /* Mathomatic.h in Headers */ = {isa = PBXBuildFile; fileRef = 2FE1DD561AD577D2005D48B9 /* Mathomatic.h */; settings = {ATTRIBUTES = (Public, ); }; };
		2FE1DD5D1AD577D3005D48B9 /* Mathomatic.framework in Frameworks */ = {isa = PBXBuildFile; fileRef = 2FE1DD511AD577D2005D48B9 /* Mathomatic.framework */; };
		2FE1DD641AD577D3005D48B9 /* MathomaticTests.m in Sources */ = {isa = PBXBuildFile; fileRef = 2FE1DD631AD577D3005D48B9 /* MathomaticTests.m */; };
		2FE1DD891AD57817005D48B9 /* includes.h in Headers */ = {isa = PBXBuildFile; fileRef = 2FE1DD6D1AD57817005D48B9 /* includes.h */; };
		2FE1DD8A1AD57817005D48B9 /* altproto.h in Headers */ = {isa = PBXBuildFile; fileRef = 2FE1DD6E1AD57817005D48B9 /* altproto.h */; };
		2FE1DD8B1AD57817005D48B9 /* am.mm in Sources */ = {isa = PBXBuildFile; fileRef = 2FE1DD6F1AD57817005D48B9 /* am.mm */; };
		2FE1DD8C1AD57817005D48B9 /* am.h in Headers */ = {isa = PBXBuildFile; fileRef = 2FE1DD701AD57817005D48B9 /* am.h */; };
		2FE1DD8D1AD57817005D48B9 /* blt.h in Headers */ = {isa = PBXBuildFile; fileRef = 2FE1DD711AD57817005D48B9 /* blt.h */; };
		2FE1DD8E1AD57817005D48B9 /* cmds.mm in Sources */ = {isa = PBXBuildFile; fileRef = 2FE1DD721AD57817005D48B9 /* cmds.mm */; };
		2FE1DD8F1AD57817005D48B9 /* complex_lib.mm in Sources */ = {isa = PBXBuildFile; fileRef = 2FE1DD731AD57817005D48B9 /* complex_lib.mm */; };
		2FE1DD901AD57817005D48B9 /* complex.mm in Sources */ = {isa = PBXBuildFile; fileRef = 2FE1DD741AD57817005D48B9 /* complex.mm */; };
		2FE1DD911AD57817005D48B9 /* complex.h in Headers */ = {isa = PBXBuildFile; fileRef = 2FE1DD751AD57817005D48B9 /* complex.h */; };
		2FE1DD921AD57817005D48B9 /* diff.mm in Sources */ = {isa = PBXBuildFile; fileRef = 2FE1DD761AD57817005D48B9 /* diff.mm */; };
		2FE1DD931AD57817005D48B9 /* externs.h in Headers */ = {isa = PBXBuildFile; fileRef = 2FE1DD771AD57817005D48B9 /* externs.h */; };
		2FE1DD941AD57817005D48B9 /* factor_int.mm in Sources */ = {isa = PBXBuildFile; fileRef = 2FE1DD781AD57817005D48B9 /* factor_int.mm */; };
		2FE1DD951AD57817005D48B9 /* factor.mm in Sources */ = {isa = PBXBuildFile; fileRef = 2FE1DD791AD57817005D48B9 /* factor.mm */; };
		2FE1DD961AD57817005D48B9 /* gcd.mm in Sources */ = {isa = PBXBuildFile; fileRef = 2FE1DD7A1AD57817005D48B9 /* gcd.mm */; };
		2FE1DD971AD57817005D48B9 /* globals.mm in Sources */ = {isa = PBXBuildFile; fileRef = 2FE1DD7B1AD57817005D48B9 /* globals.mm */; };
		2FE1DD981AD57817005D48B9 /* help.mm in Sources */ = {isa = PBXBuildFile; fileRef = 2FE1DD7C1AD57817005D48B9 /* help.mm */; };
		2FE1DD991AD57817005D48B9 /* integrate.mm in Sources */ = {isa = PBXBuildFile; fileRef = 2FE1DD7D1AD57817005D48B9 /* integrate.mm */; };
		2FE1DD9A1AD57817005D48B9 /* license.h in Headers */ = {isa = PBXBuildFile; fileRef = 2FE1DD7E1AD57817005D48B9 /* license.h */; };
		2FE1DD9B1AD57817005D48B9 /* list.mm in Sources */ = {isa = PBXBuildFile; fileRef = 2FE1DD7F1AD57817005D48B9 /* list.mm */; };
		2FE1DD9C1AD57817005D48B9 /* parse.mm in Sources */ = {isa = PBXBuildFile; fileRef = 2FE1DD801AD57817005D48B9 /* parse.mm */; };
		2FE1DD9D1AD57817005D48B9 /* poly.mm in Sources */ = {isa = PBXBuildFile; fileRef = 2FE1DD811AD57817005D48B9 /* poly.mm */; };
		2FE1DD9E1AD57817005D48B9 /* proto.h in Headers */ = {isa = PBXBuildFile; fileRef = 2FE1DD821AD57817005D48B9 /* proto.h */; };
		2FE1DD9F1AD57817005D48B9 /* simplify.mm in Sources */ = {isa = PBXBuildFile; fileRef = 2FE1DD831AD57817005D48B9 /* simplify.mm */; };
		2FE1DDA01AD57817005D48B9 /* solve.mm in Sources */ = {isa = PBXBuildFile; fileRef = 2FE1DD841AD57817005D48B9 /* solve.mm */; };
		2FE1DDA11AD57817005D48B9 /* standard.h in Headers */ = {isa = PBXBuildFile; fileRef = 2FE1DD851AD57817005D48B9 /* standard.h */; };
		2FE1DDA21AD57817005D48B9 /* super.mm in Sources */ = {isa = PBXBuildFile; fileRef = 2FE1DD861AD57817005D48B9 /* super.mm */; };
		2FE1DDA31AD57817005D48B9 /* unfactor.mm in Sources */ = {isa = PBXBuildFile; fileRef = 2FE1DD871AD57817005D48B9 /* unfactor.mm */; };
		2FE1DDA41AD57817005D48B9 /* Matho.mm in Sources */ = {isa = PBXBuildFile; fileRef = 2FE1DD881AD57817005D48B9 /* Matho.mm */; };
		2FE1DDA71AD57853005D48B9 /* Matho.h in Headers */ = {isa = PBXBuildFile; fileRef = 2FE1DDA61AD57853005D48B9 /* Matho.h */; settings = {ATTRIBUTES = (Public, ); }; };
/* End PBXBuildFile section */

/* Begin PBXContainerItemProxy section */
		2FE1DD5E1AD577D3005D48B9 /* PBXContainerItemProxy */ = {
			isa = PBXContainerItemProxy;
			containerPortal = 2FE1DD481AD577D2005D48B9 /* Project object */;
			proxyType = 1;
			remoteGlobalIDString = 2FE1DD501AD577D2005D48B9;
			remoteInfo = Mathomatic;
		};
/* End PBXContainerItemProxy section */

/* Begin PBXFileReference section */
		2FE1DD511AD577D2005D48B9 /* Mathomatic.framework */ = {isa = PBXFileReference; explicitFileType = wrapper.framework; includeInIndex = 0; path = Mathomatic.framework; sourceTree = BUILT_PRODUCTS_DIR; };
		2FE1DD551AD577D2005D48B9 /* Info.plist */ = {isa = PBXFileReference; lastKnownFileType = text.plist.xml; path = Info.plist; sourceTree = "<group>"; };
		2FE1DD561AD577D2005D48B9 /* Mathomatic.h */ = {isa = PBXFileReference; lastKnownFileType = sourcecode.c.h; path = Mathomatic.h; sourceTree = "<group>"; };
		2FE1DD5C1AD577D3005D48B9 /* MathomaticTests.xctest */ = {isa = PBXFileReference; explicitFileType = wrapper.cfbundle; includeInIndex = 0; path = MathomaticTests.xctest; sourceTree = BUILT_PRODUCTS_DIR; };
		2FE1DD621AD577D3005D48B9 /* Info.plist */ = {isa = PBXFileReference; lastKnownFileType = text.plist.xml; path = Info.plist; sourceTree = "<group>"; };
		2FE1DD631AD577D3005D48B9 /* MathomaticTests.m */ = {isa = PBXFileReference; lastKnownFileType = sourcecode.c.objc; path = MathomaticTests.m; sourceTree = "<group>"; };
		2FE1DD6D1AD57817005D48B9 /* includes.h */ = {isa = PBXFileReference; fileEncoding = 4; lastKnownFileType = sourcecode.c.h; path = includes.h; sourceTree = "<group>"; };
		2FE1DD6E1AD57817005D48B9 /* altproto.h */ = {isa = PBXFileReference; fileEncoding = 4; lastKnownFileType = sourcecode.c.h; path = altproto.h; sourceTree = "<group>"; };
		2FE1DD6F1AD57817005D48B9 /* am.mm */ = {isa = PBXFileReference; fileEncoding = 4; lastKnownFileType = sourcecode.cpp.objcpp; path = am.mm; sourceTree = "<group>"; };
		2FE1DD701AD57817005D48B9 /* am.h */ = {isa = PBXFileReference; fileEncoding = 4; lastKnownFileType = sourcecode.c.h; path = am.h; sourceTree = "<group>"; };
		2FE1DD711AD57817005D48B9 /* blt.h */ = {isa = PBXFileReference; fileEncoding = 4; lastKnownFileType = sourcecode.c.h; path = blt.h; sourceTree = "<group>"; };
		2FE1DD721AD57817005D48B9 /* cmds.mm */ = {isa = PBXFileReference; fileEncoding = 4; lastKnownFileType = sourcecode.cpp.objcpp; path = cmds.mm; sourceTree = "<group>"; };
		2FE1DD731AD57817005D48B9 /* complex_lib.mm */ = {isa = PBXFileReference; fileEncoding = 4; lastKnownFileType = sourcecode.cpp.objcpp; path = complex_lib.mm; sourceTree = "<group>"; };
		2FE1DD741AD57817005D48B9 /* complex.mm */ = {isa = PBXFileReference; fileEncoding = 4; lastKnownFileType = sourcecode.cpp.objcpp; path = complex.mm; sourceTree = "<group>"; };
		2FE1DD751AD57817005D48B9 /* complex.h */ = {isa = PBXFileReference; fileEncoding = 4; lastKnownFileType = sourcecode.c.h; path = complex.h; sourceTree = "<group>"; };
		2FE1DD761AD57817005D48B9 /* diff.mm */ = {isa = PBXFileReference; fileEncoding = 4; lastKnownFileType = sourcecode.cpp.objcpp; path = diff.mm; sourceTree = "<group>"; };
		2FE1DD771AD57817005D48B9 /* externs.h */ = {isa = PBXFileReference; fileEncoding = 4; lastKnownFileType = sourcecode.c.h; path = externs.h; sourceTree = "<group>"; };
		2FE1DD781AD57817005D48B9 /* factor_int.mm */ = {isa = PBXFileReference; fileEncoding = 4; lastKnownFileType = sourcecode.cpp.objcpp; path = factor_int.mm; sourceTree = "<group>"; };
		2FE1DD791AD57817005D48B9 /* factor.mm */ = {isa = PBXFileReference; fileEncoding = 4; lastKnownFileType = sourcecode.cpp.objcpp; path = factor.mm; sourceTree = "<group>"; };
		2FE1DD7A1AD57817005D48B9 /* gcd.mm */ = {isa = PBXFileReference; fileEncoding = 4; lastKnownFileType = sourcecode.cpp.objcpp; path = gcd.mm; sourceTree = "<group>"; };
		2FE1DD7B1AD57817005D48B9 /* globals.mm */ = {isa = PBXFileReference; fileEncoding = 4; lastKnownFileType = sourcecode.cpp.objcpp; path = globals.mm; sourceTree = "<group>"; };
		2FE1DD7C1AD57817005D48B9 /* help.mm */ = {isa = PBXFileReference; fileEncoding = 4; lastKnownFileType = sourcecode.cpp.objcpp; path = help.mm; sourceTree = "<group>"; };
		2FE1DD7D1AD57817005D48B9 /* integrate.mm */ = {isa = PBXFileReference; fileEncoding = 4; lastKnownFileType = sourcecode.cpp.objcpp; path = integrate.mm; sourceTree = "<group>"; };
		2FE1DD7E1AD57817005D48B9 /* license.h */ = {isa = PBXFileReference; fileEncoding = 4; lastKnownFileType = sourcecode.c.h; path = license.h; sourceTree = "<group>"; };
		2FE1DD7F1AD57817005D48B9 /* list.mm */ = {isa = PBXFileReference; fileEncoding = 4; lastKnownFileType = sourcecode.cpp.objcpp; path = list.mm; sourceTree = "<group>"; };
		2FE1DD801AD57817005D48B9 /* parse.mm */ = {isa = PBXFileReference; fileEncoding = 4; lastKnownFileType = sourcecode.cpp.objcpp; path = parse.mm; sourceTree = "<group>"; };
		2FE1DD811AD57817005D48B9 /* poly.mm */ = {isa = PBXFileReference; fileEncoding = 4; lastKnownFileType = sourcecode.cpp.objcpp; path = poly.mm; sourceTree = "<group>"; };
		2FE1DD821AD57817005D48B9 /* proto.h */ = {isa = PBXFileReference; fileEncoding = 4; lastKnownFileType = sourcecode.c.h; path = proto.h; sourceTree = "<group>"; };
		2FE1DD831AD57817005D48B9 /* simplify.mm */ = {isa = PBXFileReference; fileEncoding = 4; lastKnownFileType = sourcecode.cpp.objcpp; path = simplify.mm; sourceTree = "<group>"; };
		2FE1DD841AD57817005D48B9 /* solve.mm */ = {isa = PBXFileReference; fileEncoding = 4; lastKnownFileType = sourcecode.cpp.objcpp; path = solve.mm; sourceTree = "<group>"; };
		2FE1DD851AD57817005D48B9 /* standard.h */ = {isa = PBXFileReference; fileEncoding = 4; lastKnownFileType = sourcecode.c.h; path = standard.h; sourceTree = "<group>"; };
		2FE1DD861AD57817005D48B9 /* super.mm */ = {isa = PBXFileReference; fileEncoding = 4; lastKnownFileType = sourcecode.cpp.objcpp; path = super.mm; sourceTree = "<group>"; };
		2FE1DD871AD57817005D48B9 /* unfactor.mm */ = {isa = PBXFileReference; fileEncoding = 4; lastKnownFileType = sourcecode.cpp.objcpp; path = unfactor.mm; sourceTree = "<group>"; };
		2FE1DD881AD57817005D48B9 /* Matho.mm */ = {isa = PBXFileReference; fileEncoding = 4; lastKnownFileType = sourcecode.cpp.objcpp; path = Matho.mm; sourceTree = "<group>"; };
		2FE1DDA61AD57853005D48B9 /* Matho.h */ = {isa = PBXFileReference; fileEncoding = 4; lastKnownFileType = sourcecode.c.h; path = Matho.h; sourceTree = "<group>"; };
/* End PBXFileReference section */

/* Begin PBXFrameworksBuildPhase section */
		2FE1DD4D1AD577D2005D48B9 /* Frameworks */ = {
			isa = PBXFrameworksBuildPhase;
			buildActionMask = 2147483647;
			files = (
			);
			runOnlyForDeploymentPostprocessing = 0;
		};
		2FE1DD591AD577D3005D48B9 /* Frameworks */ = {
			isa = PBXFrameworksBuildPhase;
			buildActionMask = 2147483647;
			files = (
				2FE1DD5D1AD577D3005D48B9 /* Mathomatic.framework in Frameworks */,
			);
			runOnlyForDeploymentPostprocessing = 0;
		};
/* End PBXFrameworksBuildPhase section */

/* Begin PBXGroup section */
		2FE1DD471AD577D2005D48B9 = {
			isa = PBXGroup;
			children = (
				2FE1DD531AD577D2005D48B9 /* Mathomatic */,
				2FE1DD601AD577D3005D48B9 /* MathomaticTests */,
				2FE1DD521AD577D2005D48B9 /* Products */,
			);
			sourceTree = "<group>";
		};
		2FE1DD521AD577D2005D48B9 /* Products */ = {
			isa = PBXGroup;
			children = (
				2FE1DD511AD577D2005D48B9 /* Mathomatic.framework */,
				2FE1DD5C1AD577D3005D48B9 /* MathomaticTests.xctest */,
			);
			name = Products;
			sourceTree = "<group>";
		};
		2FE1DD531AD577D2005D48B9 /* Mathomatic */ = {
			isa = PBXGroup;
			children = (
				2FE1DD561AD577D2005D48B9 /* Mathomatic.h */,
				2FE1DDA51AD5781F005D48B9 /* Mathomatic */,
				2FE1DD541AD577D2005D48B9 /* Supporting Files */,
			);
			path = Mathomatic;
			sourceTree = "<group>";
		};
		2FE1DD541AD577D2005D48B9 /* Supporting Files */ = {
			isa = PBXGroup;
			children = (
				2FE1DD551AD577D2005D48B9 /* Info.plist */,
			);
			name = "Supporting Files";
			sourceTree = "<group>";
		};
		2FE1DD601AD577D3005D48B9 /* MathomaticTests */ = {
			isa = PBXGroup;
			children = (
				2FE1DD631AD577D3005D48B9 /* MathomaticTests.m */,
				2FE1DD611AD577D3005D48B9 /* Supporting Files */,
			);
			path = MathomaticTests;
			sourceTree = "<group>";
		};
		2FE1DD611AD577D3005D48B9 /* Supporting Files */ = {
			isa = PBXGroup;
			children = (
				2FE1DD621AD577D3005D48B9 /* Info.plist */,
			);
			name = "Supporting Files";
			sourceTree = "<group>";
		};
		2FE1DDA51AD5781F005D48B9 /* Mathomatic */ = {
			isa = PBXGroup;
			children = (
				2FE1DD6D1AD57817005D48B9 /* includes.h */,
				2FE1DD6E1AD57817005D48B9 /* altproto.h */,
				2FE1DD6F1AD57817005D48B9 /* am.mm */,
				2FE1DD701AD57817005D48B9 /* am.h */,
				2FE1DD711AD57817005D48B9 /* blt.h */,
				2FE1DD721AD57817005D48B9 /* cmds.mm */,
				2FE1DD731AD57817005D48B9 /* complex_lib.mm */,
				2FE1DD741AD57817005D48B9 /* complex.mm */,
				2FE1DD751AD57817005D48B9 /* complex.h */,
				2FE1DD761AD57817005D48B9 /* diff.mm */,
				2FE1DD771AD57817005D48B9 /* externs.h */,
				2FE1DD781AD57817005D48B9 /* factor_int.mm */,
				2FE1DD791AD57817005D48B9 /* factor.mm */,
				2FE1DD7A1AD57817005D48B9 /* gcd.mm */,
				2FE1DD7B1AD57817005D48B9 /* globals.mm */,
				2FE1DD7C1AD57817005D48B9 /* help.mm */,
				2FE1DD7D1AD57817005D48B9 /* integrate.mm */,
				2FE1DD7E1AD57817005D48B9 /* license.h */,
				2FE1DD7F1AD57817005D48B9 /* list.mm */,
				2FE1DD801AD57817005D48B9 /* parse.mm */,
				2FE1DD811AD57817005D48B9 /* poly.mm */,
				2FE1DD821AD57817005D48B9 /* proto.h */,
				2FE1DD831AD57817005D48B9 /* simplify.mm */,
				2FE1DD841AD57817005D48B9 /* solve.mm */,
				2FE1DD851AD57817005D48B9 /* standard.h */,
				2FE1DD861AD57817005D48B9 /* super.mm */,
				2FE1DD871AD57817005D48B9 /* unfactor.mm */,
				2FE1DDA61AD57853005D48B9 /* Matho.h */,
				2FE1DD881AD57817005D48B9 /* Matho.mm */,
			);
			name = Mathomatic;
			sourceTree = "<group>";
		};
/* End PBXGroup section */

/* Begin PBXHeadersBuildPhase section */
		2FE1DD4E1AD577D2005D48B9 /* Headers */ = {
			isa = PBXHeadersBuildPhase;
			buildActionMask = 2147483647;
			files = (
				2FE1DD9E1AD57817005D48B9 /* proto.h in Headers */,
				2FE1DDA71AD57853005D48B9 /* Matho.h in Headers */,
				2FE1DD8C1AD57817005D48B9 /* am.h in Headers */,
				2FE1DD8D1AD57817005D48B9 /* blt.h in Headers */,
				2FE1DD9A1AD57817005D48B9 /* license.h in Headers */,
				2FE1DD931AD57817005D48B9 /* externs.h in Headers */,
				2FE1DD8A1AD57817005D48B9 /* altproto.h in Headers */,
				2FE1DD911AD57817005D48B9 /* complex.h in Headers */,
				2FE1DD571AD577D2005D48B9 /* Mathomatic.h in Headers */,
				2FE1DD891AD57817005D48B9 /* includes.h in Headers */,
				2FE1DDA11AD57817005D48B9 /* standard.h in Headers */,
			);
			runOnlyForDeploymentPostprocessing = 0;
		};
/* End PBXHeadersBuildPhase section */

/* Begin PBXNativeTarget section */
		2FE1DD501AD577D2005D48B9 /* Mathomatic */ = {
			isa = PBXNativeTarget;
			buildConfigurationList = 2FE1DD671AD577D3005D48B9 /* Build configuration list for PBXNativeTarget "Mathomatic" */;
			buildPhases = (
				2FE1DD4C1AD577D2005D48B9 /* Sources */,
				2FE1DD4D1AD577D2005D48B9 /* Frameworks */,
				2FE1DD4E1AD577D2005D48B9 /* Headers */,
				2FE1DD4F1AD577D2005D48B9 /* Resources */,
				2FE1DDA81AD57970005D48B9 /* ShellScript */,
			);
			buildRules = (
			);
			dependencies = (
			);
			name = Mathomatic;
			productName = Mathomatic;
			productReference = 2FE1DD511AD577D2005D48B9 /* Mathomatic.framework */;
			productType = "com.apple.product-type.framework";
		};
		2FE1DD5B1AD577D3005D48B9 /* MathomaticTests */ = {
			isa = PBXNativeTarget;
			buildConfigurationList = 2FE1DD6A1AD577D3005D48B9 /* Build configuration list for PBXNativeTarget "MathomaticTests" */;
			buildPhases = (
				2FE1DD581AD577D3005D48B9 /* Sources */,
				2FE1DD591AD577D3005D48B9 /* Frameworks */,
				2FE1DD5A1AD577D3005D48B9 /* Resources */,
			);
			buildRules = (
			);
			dependencies = (
				2FE1DD5F1AD577D3005D48B9 /* PBXTargetDependency */,
			);
			name = MathomaticTests;
			productName = MathomaticTests;
			productReference = 2FE1DD5C1AD577D3005D48B9 /* MathomaticTests.xctest */;
			productType = "com.apple.product-type.bundle.unit-test";
		};
/* End PBXNativeTarget section */

/* Begin PBXProject section */
		2FE1DD481AD577D2005D48B9 /* Project object */ = {
			isa = PBXProject;
			attributes = {
				LastUpgradeCheck = 0620;
				ORGANIZATIONNAME = "Solinst Canada";
				TargetAttributes = {
					2FE1DD501AD577D2005D48B9 = {
						CreatedOnToolsVersion = 6.2;
					};
					2FE1DD5B1AD577D3005D48B9 = {
						CreatedOnToolsVersion = 6.2;
					};
				};
			};
			buildConfigurationList = 2FE1DD4B1AD577D2005D48B9 /* Build configuration list for PBXProject "Mathomatic" */;
			compatibilityVersion = "Xcode 3.2";
			developmentRegion = English;
			hasScannedForEncodings = 0;
			knownRegions = (
				en,
			);
			mainGroup = 2FE1DD471AD577D2005D48B9;
			productRefGroup = 2FE1DD521AD577D2005D48B9 /* Products */;
			projectDirPath = "";
			projectRoot = "";
			targets = (
				2FE1DD501AD577D2005D48B9 /* Mathomatic */,
				2FE1DD5B1AD577D3005D48B9 /* MathomaticTests */,
			);
		};
/* End PBXProject section */

/* Begin PBXResourcesBuildPhase section */
		2FE1DD4F1AD577D2005D48B9 /* Resources */ = {
			isa = PBXResourcesBuildPhase;
			buildActionMask = 2147483647;
			files = (
			);
			runOnlyForDeploymentPostprocessing = 0;
		};
		2FE1DD5A1AD577D3005D48B9 /* Resources */ = {
			isa = PBXResourcesBuildPhase;
			buildActionMask = 2147483647;
			files = (
			);
			runOnlyForDeploymentPostprocessing = 0;
		};
/* End PBXResourcesBuildPhase section */

/* Begin PBXShellScriptBuildPhase section */
		2FE1DDA81AD57970005D48B9 /* ShellScript */ = {
			isa = PBXShellScriptBuildPhase;
			buildActionMask = 2147483647;
			files = (
			);
			inputPaths = (
			);
			outputPaths = (
			);
			runOnlyForDeploymentPostprocessing = 0;
			shellPath = /bin/sh;
			shellScript = "set -e\n\nDEVICE_BIN=\"${OBJROOT}/UninstalledProducts/${TARGET_NAME}.framework\"\nSIMULATOR_BIN=\"${SYMROOT}/../../../../Products/Debug-iphonesimulator/${TARGET_NAME}.framework\"\n\nARCHIVE_PATH=\"${SRCROOT}/_Archive\"\nrm -rf \"${ARCHIVE_PATH}\"\nmkdir \"${ARCHIVE_PATH}\"\n\nif [ \"${CONFIGURATION}\" = \"Release\" ]; then\n\nif [ -d \"${DEVICE_BIN}\" ]; then\nDEVICE_PATH=\"${ARCHIVE_PATH}/Release\"\nmkdir \"${DEVICE_PATH}\"\ncp -r \"${DEVICE_BIN}\" \"${DEVICE_PATH}\"\n\nif [ -d \"${SIMULATOR_BIN}\" ]; then\nSIMULATOR_PATH=\"${ARCHIVE_PATH}/Debug\"\nmkdir \"${SIMULATOR_PATH}\"\ncp -r \"${DEVICE_BIN}\" \"${SIMULATOR_PATH}\"\nlipo -create \"${DEVICE_BIN}/${TARGET_NAME}\" \"${SIMULATOR_BIN}/${TARGET_NAME}\" -output \"${SIMULATOR_PATH}/${TARGET_NAME}.framework/${TARGET_NAME}\"\n\nfi\nfi\nfi\nexit 0;\n";
		};
/* End PBXShellScriptBuildPhase section */

/* Begin PBXSourcesBuildPhase section */
		2FE1DD4C1AD577D2005D48B9 /* Sources */ = {
			isa = PBXSourcesBuildPhase;
			buildActionMask = 2147483647;
			files = (
				2FE1DDA21AD57817005D48B9 /* super.mm in Sources */,
				2FE1DD941AD57817005D48B9 /* factor_int.mm in Sources */,
				2FE1DD8E1AD57817005D48B9 /* cmds.mm in Sources */,
				2FE1DD981AD57817005D48B9 /* help.mm in Sources */,
				2FE1DD9B1AD57817005D48B9 /* list.mm in Sources */,
				2FE1DD921AD57817005D48B9 /* diff.mm in Sources */,
				2FE1DD8F1AD57817005D48B9 /* complex_lib.mm in Sources */,
				2FE1DD971AD57817005D48B9 /* globals.mm in Sources */,
				2FE1DD9C1AD57817005D48B9 /* parse.mm in Sources */,
				2FE1DDA31AD57817005D48B9 /* unfactor.mm in Sources */,
				2FE1DD961AD57817005D48B9 /* gcd.mm in Sources */,
				2FE1DDA01AD57817005D48B9 /* solve.mm in Sources */,
				2FE1DD901AD57817005D48B9 /* complex.mm in Sources */,
				2FE1DD991AD57817005D48B9 /* integrate.mm in Sources */,
				2FE1DD9F1AD57817005D48B9 /* simplify.mm in Sources */,
				2FE1DD9D1AD57817005D48B9 /* poly.mm in Sources */,
				2FE1DDA41AD57817005D48B9 /* Matho.mm in Sources */,
				2FE1DD951AD57817005D48B9 /* factor.mm in Sources */,
				2FE1DD8B1AD57817005D48B9 /* am.mm in Sources */,
			);
			runOnlyForDeploymentPostprocessing = 0;
		};
		2FE1DD581AD577D3005D48B9 /* Sources */ = {
			isa = PBXSourcesBuildPhase;
			buildActionMask = 2147483647;
			files = (
				2FE1DD641AD577D3005D48B9 /* MathomaticTests.m in Sources */,
			);
			runOnlyForDeploymentPostprocessing = 0;
		};
/* End PBXSourcesBuildPhase section */

/* Begin PBXTargetDependency section */
		2FE1DD5F1AD577D3005D48B9 /* PBXTargetDependency */ = {
			isa = PBXTargetDependency;
			target = 2FE1DD501AD577D2005D48B9 /* Mathomatic */;
			targetProxy = 2FE1DD5E1AD577D3005D48B9 /* PBXContainerItemProxy */;
		};
/* End PBXTargetDependency section */

/* Begin XCBuildConfiguration section */
		2FE1DD651AD577D3005D48B9 /* Debug */ = {
			isa = XCBuildConfiguration;
			buildSettings = {
				ALWAYS_SEARCH_USER_PATHS = NO;
				CLANG_CXX_LANGUAGE_STANDARD = "gnu++0x";
				CLANG_CXX_LIBRARY = "libc++";
				CLANG_ENABLE_MODULES = YES;
				CLANG_ENABLE_OBJC_ARC = YES;
				CLANG_WARN_BOOL_CONVERSION = YES;
				CLANG_WARN_CONSTANT_CONVERSION = YES;
				CLANG_WARN_DIRECT_OBJC_ISA_USAGE = YES_ERROR;
				CLANG_WARN_EMPTY_BODY = YES;
				CLANG_WARN_ENUM_CONVERSION = YES;
				CLANG_WARN_INT_CONVERSION = YES;
				CLANG_WARN_OBJC_ROOT_CLASS = YES_ERROR;
				CLANG_WARN_UNREACHABLE_CODE = YES;
				CLANG_WARN__DUPLICATE_METHOD_MATCH = YES;
				"CODE_SIGN_IDENTITY[sdk=iphoneos*]" = "iPhone Developer";
				COPY_PHASE_STRIP = NO;
				CURRENT_PROJECT_VERSION = 1;
				ENABLE_STRICT_OBJC_MSGSEND = YES;
				GCC_C_LANGUAGE_STANDARD = gnu99;
				GCC_DYNAMIC_NO_PIC = NO;
				GCC_OPTIMIZATION_LEVEL = 0;
				GCC_PREPROCESSOR_DEFINITIONS = (
					"DEBUG=1",
					"$(inherited)",
				);
				GCC_SYMBOLS_PRIVATE_EXTERN = NO;
				GCC_WARN_64_TO_32_BIT_CONVERSION = YES;
				GCC_WARN_ABOUT_RETURN_TYPE = YES_ERROR;
				GCC_WARN_UNDECLARED_SELECTOR = YES;
				GCC_WARN_UNINITIALIZED_AUTOS = YES_AGGRESSIVE;
				GCC_WARN_UNUSED_FUNCTION = YES;
				GCC_WARN_UNUSED_VARIABLE = YES;
				IPHONEOS_DEPLOYMENT_TARGET = 8.2;
				MTL_ENABLE_DEBUG_INFO = YES;
				ONLY_ACTIVE_ARCH = NO;
				SDKROOT = iphoneos;
				TARGETED_DEVICE_FAMILY = "1,2";
				VERSIONING_SYSTEM = "apple-generic";
				VERSION_INFO_PREFIX = "";
			};
			name = Debug;
		};
		2FE1DD661AD577D3005D48B9 /* Release */ = {
			isa = XCBuildConfiguration;
			buildSettings = {
				ALWAYS_SEARCH_USER_PATHS = NO;
				CLANG_CXX_LANGUAGE_STANDARD = "gnu++0x";
				CLANG_CXX_LIBRARY = "libc++";
				CLANG_ENABLE_MODULES = YES;
				CLANG_ENABLE_OBJC_ARC = YES;
				CLANG_WARN_BOOL_CONVERSION = YES;
				CLANG_WARN_CONSTANT_CONVERSION = YES;
				CLANG_WARN_DIRECT_OBJC_ISA_USAGE = YES_ERROR;
				CLANG_WARN_EMPTY_BODY = YES;
				CLANG_WARN_ENUM_CONVERSION = YES;
				CLANG_WARN_INT_CONVERSION = YES;
				CLANG_WARN_OBJC_ROOT_CLASS = YES_ERROR;
				CLANG_WARN_UNREACHABLE_CODE = YES;
				CLANG_WARN__DUPLICATE_METHOD_MATCH = YES;
				"CODE_SIGN_IDENTITY[sdk=iphoneos*]" = "iPhone Developer";
				COPY_PHASE_STRIP = NO;
				CURRENT_PROJECT_VERSION = 1;
				ENABLE_NS_ASSERTIONS = NO;
				ENABLE_STRICT_OBJC_MSGSEND = YES;
				GCC_C_LANGUAGE_STANDARD = gnu99;
				GCC_WARN_64_TO_32_BIT_CONVERSION = YES;
				GCC_WARN_ABOUT_RETURN_TYPE = YES_ERROR;
				GCC_WARN_UNDECLARED_SELECTOR = YES;
				GCC_WARN_UNINITIALIZED_AUTOS = YES_AGGRESSIVE;
				GCC_WARN_UNUSED_FUNCTION = YES;
				GCC_WARN_UNUSED_VARIABLE = YES;
				IPHONEOS_DEPLOYMENT_TARGET = 8.2;
				MTL_ENABLE_DEBUG_INFO = NO;
				SDKROOT = iphoneos;
				TARGETED_DEVICE_FAMILY = "1,2";
				VALIDATE_PRODUCT = YES;
				VERSIONING_SYSTEM = "apple-generic";
				VERSION_INFO_PREFIX = "";
			};
			name = Release;
		};
		2FE1DD681AD577D3005D48B9 /* Debug */ = {
			isa = XCBuildConfiguration;
			buildSettings = {
				DEFINES_MODULE = YES;
				DYLIB_COMPATIBILITY_VERSION = 1;
				DYLIB_CURRENT_VERSION = 1;
				DYLIB_INSTALL_NAME_BASE = "@rpath";
				INFOPLIST_FILE = Mathomatic/Info.plist;
				INSTALL_PATH = "$(LOCAL_LIBRARY_DIR)/Frameworks";
				LD_RUNPATH_SEARCH_PATHS = "$(inherited) @executable_path/Frameworks @loader_path/Frameworks";
				ONLY_ACTIVE_ARCH = NO;
				PRODUCT_NAME = "$(TARGET_NAME)";
				SKIP_INSTALL = YES;
			};
			name = Debug;
		};
		2FE1DD691AD577D3005D48B9 /* Release */ = {
			isa = XCBuildConfiguration;
			buildSettings = {
				DEFINES_MODULE = YES;
				DYLIB_COMPATIBILITY_VERSION = 1;
				DYLIB_CURRENT_VERSION = 1;
				DYLIB_INSTALL_NAME_BASE = "@rpath";
				INFOPLIST_FILE = Mathomatic/Info.plist;
				INSTALL_PATH = "$(LOCAL_LIBRARY_DIR)/Frameworks";
				LD_RUNPATH_SEARCH_PATHS = "$(inherited) @executable_path/Frameworks @loader_path/Frameworks";
				PRODUCT_NAME = "$(TARGET_NAME)";
				SKIP_INSTALL = YES;
			};
			name = Release;
		};
		2FE1DD6B1AD577D3005D48B9 /* Debug */ = {
			isa = XCBuildConfiguration;
			buildSettings = {
				FRAMEWORK_SEARCH_PATHS = (
					"$(SDKROOT)/Developer/Library/Frameworks",
					"$(inherited)",
				);
				GCC_PREPROCESSOR_DEFINITIONS = (
					"DEBUG=1",
					"$(inherited)",
				);
				INFOPLIST_FILE = MathomaticTests/Info.plist;
				LD_RUNPATH_SEARCH_PATHS = "$(inherited) @executable_path/Frameworks @loader_path/Frameworks";
				PRODUCT_NAME = "$(TARGET_NAME)";
			};
			name = Debug;
		};
		2FE1DD6C1AD577D3005D48B9 /* Release */ = {
			isa = XCBuildConfiguration;
			buildSettings = {
				FRAMEWORK_SEARCH_PATHS = (
					"$(SDKROOT)/Developer/Library/Frameworks",
					"$(inherited)",
				);
				INFOPLIST_FILE = MathomaticTests/Info.plist;
				LD_RUNPATH_SEARCH_PATHS = "$(inherited) @executable_path/Frameworks @loader_path/Frameworks";
				PRODUCT_NAME = "$(TARGET_NAME)";
			};
			name = Release;
		};
/* End XCBuildConfiguration section */

/* Begin XCConfigurationList section */
		2FE1DD4B1AD577D2005D48B9 /* Build configuration list for PBXProject "Mathomatic" */ = {
			isa = XCConfigurationList;
			buildConfigurations = (
				2FE1DD651AD577D3005D48B9 /* Debug */,
				2FE1DD661AD577D3005D48B9 /* Release */,
			);
			defaultConfigurationIsVisible = 0;
			defaultConfigurationName = Release;
		};
		2FE1DD671AD577D3005D48B9 /* Build configuration list for PBXNativeTarget "Mathomatic" */ = {
			isa = XCConfigurationList;
			buildConfigurations = (
				2FE1DD681AD577D3005D48B9 /* Debug */,
				2FE1DD691AD577D3005D48B9 /* Release */,
			);
			defaultConfigurationIsVisible = 0;
			defaultConfigurationName = Release;
		};
		2FE1DD6A1AD577D3005D48B9 /* Build configuration list for PBXNativeTarget "MathomaticTests" */ = {
			isa = XCConfigurationList;
			buildConfigurations = (
				2FE1DD6B1AD577D3005D48B9 /* Debug */,
				2FE1DD6C1AD577D3005D48B9 /* Release */,
			);
			defaultConfigurationIsVisible = 0;
			defaultConfigurationName = Release;
		};
/* End XCConfigurationList section */
	};
	rootObject = 2FE1DD481AD577D2005D48B9 /* Project object */;
}
